
Microsoft Visual Studio Solution File, Format Version 11.00
# Visual Studio 2010
Project("{FAE04EC0-301F-11D3-BF4B-00C04F79EFBC}") = "Rust++", "Rust++\Rust++.csproj", "{9455F0FF-5841-430C-8AA2-09F8000D5B0B}"
EndProject
Global
	GlobalSection(SolutionConfigurationPlatforms) = preSolution
		Debug|Any CPU = Debug|Any CPU
		Release|Any CPU = Release|Any CPU
	EndGlobalSection
	GlobalSection(ProjectConfigurationPlatforms) = postSolution
		{9455F0FF-5841-430C-8AA2-09F8000D5B0B}.Debug|Any CPU.ActiveCfg = Debug|Any CPU
		{9455F0FF-5841-430C-8AA2-09F8000D5B0B}.Debug|Any CPU.Build.0 = Debug|Any CPU
		{9455F0FF-5841-430C-8AA2-09F8000D5B0B}.Release|Any CPU.ActiveCfg = Release|Any CPU
		{9455F0FF-5841-430C-8AA2-09F8000D5B0B}.Release|Any CPU.Build.0 = Release|Any CPU
	EndGlobalSection
	GlobalSection(MonoDevelopProperties) = preSolution
		StartupItem = Rust++\Rust++.csproj
	EndGlobalSection
EndGlobal
